# @generated by Move, please check-in and do not edit manually.

[move]
version = 2
manifest_digest = "9EDCEA7D14713B8A130982A295F28926460FFD2BFB42E3442C2CD80F189E5089"
deps_digest = "F8BBB0CCB2491CA29A3DF03D6F92277A4F3574266507ACD77214D37ECA3F3082"
dependencies = [
  { name = "Sui" },
]

[[move.package]]
name = "MoveStdlib"
source = { git = "https://github.com/MystenLabs/sui.git", rev = "framework/devnet", subdir = "crates/sui-framework/packages/move-stdlib" }

[[move.package]]
name = "Sui"
source = { git = "https://github.com/MystenLabs/sui.git", rev = "framework/devnet", subdir = "crates/sui-framework/packages/sui-framework" }

dependencies = [
  { name = "MoveStdlib" },
]

[move.toolchain-version]
compiler-version = "1.28.3"
edition = "2024.beta"
flavor = "sui"

[env]

[env.testnet]
chain-id = "4c78adac"
original-published-id = "0x899497c54f620820d1122e419a133a1754733d17a1de0adc71c16373bacbd61e"
latest-published-id = "0x899497c54f620820d1122e419a133a1754733d17a1de0adc71c16373bacbd61e"
published-version = "1"

[env.devnet]
chain-id = "8d1e8102"
original-published-id = "0xd1efbd86210322b550a8d6017ad5113fda2bd4f486593096f83e7b9ce3cbd002"
latest-published-id = "0xd1efbd86210322b550a8d6017ad5113fda2bd4f486593096f83e7b9ce3cbd002"
published-version = "1"
