# @generated by Move, please check-in and do not edit manually.

[move]
version = 2
manifest_digest = "9EDCEA7D14713B8A130982A295F28926460FFD2BFB42E3442C2CD80F189E5089"
deps_digest = "F8BBB0CCB2491CA29A3DF03D6F92277A4F3574266507ACD77214D37ECA3F3082"
dependencies = [
  { name = "Sui" },
]

[[move.package]]
name = "MoveStdlib"
source = { git = "https://github.com/MystenLabs/sui.git", rev = "framework/devnet", subdir = "crates/sui-framework/packages/move-stdlib" }

[[move.package]]
name = "Sui"
source = { git = "https://github.com/MystenLabs/sui.git", rev = "framework/devnet", subdir = "crates/sui-framework/packages/sui-framework" }

dependencies = [
  { name = "MoveStdlib" },
]

[move.toolchain-version]
compiler-version = "1.30.0"
edition = "2024.beta"
flavor = "sui"

[env]

[env.devnet]
chain-id = "ad2d3cb8"
original-published-id = "0x43d037dda49e37c977a1e2a4ed261147659a2913867d439a101c57b41216c216"
latest-published-id = "0x43d037dda49e37c977a1e2a4ed261147659a2913867d439a101c57b41216c216"
published-version = "1"
